
Microsoft Visual Studio Solution File, Format Version 12.00
# Visual Studio Version 16
VisualStudioVersion = 16.0.29920.165
MinimumVisualStudioVersion = 10.0.40219.1
Project("{8BC9CEB8-8B4A-11D0-8D11-00A0C91BC942}") = "SDI-Project", "SDI-Project.vcxproj", "{FA809E29-D480-49FE-8EC1-D21EBE678446}"
EndProject
Project("{8BC9CEB8-8B4A-11D0-8D11-00A0C91BC942}") = "TESTS", "TESTS\TESTS.vcxproj", "{E40DAEAC-1566-4667-AB6C-E67D7899D4CE}"
EndProject
Global
	GlobalSection(SolutionConfigurationPlatforms) = preSolution
		Debug|Any CPU = Debug|Any CPU
		Debug|x64 = Debug|x64
		Debug|x86 = Debug|x86
		Release|Any CPU = Release|Any CPU
		Release|x64 = Release|x64
		Release|x86 = Release|x86
	EndGlobalSection
	GlobalSection(ProjectConfigurationPlatforms) = postSolution
		{FA809E29-D480-49FE-8EC1-D21EBE678446}.Debug|Any CPU.ActiveCfg = Debug|Win32
		{FA809E29-D480-49FE-8EC1-D21EBE678446}.Debug|Any CPU.Build.0 = Debug|Win32
		{FA809E29-D480-49FE-8EC1-D21EBE678446}.Debug|x64.ActiveCfg = Debug|x64
		{FA809E29-D480-49FE-8EC1-D21EBE678446}.Debug|x64.Build.0 = Debug|x64
		{FA809E29-D480-49FE-8EC1-D21EBE678446}.Debug|x86.ActiveCfg = Debug|Win32
		{FA809E29-D480-49FE-8EC1-D21EBE678446}.Debug|x86.Build.0 = Debug|Win32
		{FA809E29-D480-49FE-8EC1-D21EBE678446}.Release|Any CPU.ActiveCfg = Release|Win32
		{FA809E29-D480-49FE-8EC1-D21EBE678446}.Release|x64.ActiveCfg = Release|x64
		{FA809E29-D480-49FE-8EC1-D21EBE678446}.Release|x64.Build.0 = Release|x64
		{FA809E29-D480-49FE-8EC1-D21EBE678446}.Release|x86.ActiveCfg = Release|Win32
		{FA809E29-D480-49FE-8EC1-D21EBE678446}.Release|x86.Build.0 = Release|Win32
		{E40DAEAC-1566-4667-AB6C-E67D7899D4CE}.Debug|Any CPU.ActiveCfg = Debug|Win32
		{E40DAEAC-1566-4667-AB6C-E67D7899D4CE}.Debug|Any CPU.Build.0 = Debug|Win32
		{E40DAEAC-1566-4667-AB6C-E67D7899D4CE}.Debug|x64.ActiveCfg = Debug|x64
		{E40DAEAC-1566-4667-AB6C-E67D7899D4CE}.Debug|x64.Build.0 = Debug|x64
		{E40DAEAC-1566-4667-AB6C-E67D7899D4CE}.Debug|x86.ActiveCfg = Debug|Win32
		{E40DAEAC-1566-4667-AB6C-E67D7899D4CE}.Debug|x86.Build.0 = Debug|Win32
		{E40DAEAC-1566-4667-AB6C-E67D7899D4CE}.Release|Any CPU.ActiveCfg = Release|Win32
		{E40DAEAC-1566-4667-AB6C-E67D7899D4CE}.Release|x64.ActiveCfg = Release|x64
		{E40DAEAC-1566-4667-AB6C-E67D7899D4CE}.Release|x64.Build.0 = Release|x64
		{E40DAEAC-1566-4667-AB6C-E67D7899D4CE}.Release|x86.ActiveCfg = Release|Win32
		{E40DAEAC-1566-4667-AB6C-E67D7899D4CE}.Release|x86.Build.0 = Release|Win32
	EndGlobalSection
	GlobalSection(SolutionProperties) = preSolution
		HideSolutionNode = FALSE
	EndGlobalSection
	GlobalSection(ExtensibilityGlobals) = postSolution
		SolutionGuid = {62D97551-82BF-4366-98F6-37351D962032}
	EndGlobalSection
EndGlobal
